<Solution>
  <Folder Name="/Solution Items/">
    <File Path="README.md" />
  </Folder>
  <Folder Name="/src/">
    <Project Path="src/BookingManagement.Api/BookingManagement.Api.csproj" />
    <Project Path="src/BookingManagement.Application/BookingManagement.Application.csproj" />
    <Project Path="src/BookingManagement.Domain/BookingManagement.Domain.csproj" />
    <Project Path="src/BookingManagement.Infrastructure/BookingManagement.Infrastructure.csproj" />
  </Folder>
  <Folder Name="/tests/">
    <Project Path="tests/BookingManagement.Tests/BookingManagement.Tests.csproj" />
  </Folder>
</Solution>
